{
  "name": "chatwarsnotifierbot",
  "version": "0.0.3",
  "lockfileVersion": 1,
  "dependencies": {
    "babel-runtime": {
      "version": "6.23.0",
      "resolved": "https://registry.npmjs.org/babel-runtime/-/babel-runtime-6.23.0.tgz",
      "integrity": "sha1-CpSJ8UTecO+zzkMArM2zKeL8VDs="
    },
    "common-tags": {
      "version": "1.4.0",
      "resolved": "https://registry.npmjs.org/common-tags/-/common-tags-1.4.0.tgz",
      "integrity": "sha1-EYe+Tz1M8MBCfUP3Tu8fc1AWFMA="
    },
    "core-js": {
      "version": "2.4.1",
      "resolved": "https://registry.npmjs.org/core-js/-/core-js-2.4.1.tgz",
      "integrity": "sha1-TekR5mew6ukSTjQlS1OupvxhjT4="
    },
    "cron-parser": {
      "version": "2.4.1",
      "resolved": "https://registry.npmjs.org/cron-parser/-/cron-parser-2.4.1.tgz",
      "integrity": "sha512-b5IKyY/Dqyjfnnog15TsIMxshVmRXb298FQ5+Wfqe87ZImimZ+E/GFMISGeIvzuJOvQoESbSU6lYhIh3SbA2/w=="
    },
    "define-properties": {
      "version": "1.1.2",
      "resolved": "https://registry.npmjs.org/define-properties/-/define-properties-1.1.2.tgz",
      "integrity": "sha1-g6c/L+pWmJj7c3GTyPhzyvbUXJQ="
    },
    "discord.js": {
      "version": "11.1.0",
      "resolved": "https://registry.npmjs.org/discord.js/-/discord.js-11.1.0.tgz",
      "integrity": "sha1-U1HVnjeY9TbeGXXpLK5NEa89kmY="
    },
    "discord.js-commando": {
      "version": "0.9.0",
      "resolved": "https://registry.npmjs.org/discord.js-commando/-/discord.js-commando-0.9.0.tgz",
      "integrity": "sha1-+dz+trjKuMxYXNXMfKbBxKmaLpQ="
    },
    "escape-string-regexp": {
      "version": "1.0.5",
      "resolved": "https://registry.npmjs.org/escape-string-regexp/-/escape-string-regexp-1.0.5.tgz",
      "integrity": "sha1-G2HAViGQqN/2rjuyzwIAyhMLhtQ="
    },
    "foreach": {
      "version": "2.0.5",
      "resolved": "https://registry.npmjs.org/foreach/-/foreach-2.0.5.tgz",
      "integrity": "sha1-C+4AUBiusmDQo6865ljdATbsG5k="
    },
    "is-nan": {
      "version": "1.2.1",
      "resolved": "https://registry.npmjs.org/is-nan/-/is-nan-1.2.1.tgz",
      "integrity": "sha1-n69ltvttskt/XAYoR16nH5iEAeI="
    },
    "long": {
      "version": "3.2.0",
      "resolved": "https://registry.npmjs.org/long/-/long-3.2.0.tgz",
      "integrity": "sha1-2CG3E4yhy1gcFymQ7xTbIAtcR0s="
    },
    "long-timeout": {
      "version": "0.1.1",
      "resolved": "https://registry.npmjs.org/long-timeout/-/long-timeout-0.1.1.tgz",
      "integrity": "sha1-lyHXiLR+C8taJMLivuGg2lXatRQ="
    },
    "moment": {
      "version": "2.18.1",
      "resolved": "https://registry.npmjs.org/moment/-/moment-2.18.1.tgz",
      "integrity": "sha1-w2GT3Tzhwu7SrbfIAtu8d6gbHA8="
    },
    "moment-timezone": {
      "version": "0.5.13",
      "resolved": "https://registry.npmjs.org/moment-timezone/-/moment-timezone-0.5.13.tgz",
      "integrity": "sha1-mc5cfYJyYusPH3AgRBd/YHRde5A="
    },
    "node-schedule": {
      "version": "1.2.3",
      "resolved": "https://registry.npmjs.org/node-schedule/-/node-schedule-1.2.3.tgz",
      "integrity": "sha1-gCb5m9lEHbzInHZaYp52vApf550="
    },
    "object-keys": {
      "version": "1.0.11",
      "resolved": "https://registry.npmjs.org/object-keys/-/object-keys-1.0.11.tgz",
      "integrity": "sha1-xUYBd4rVYPEULODgG8yotW0TQm0="
    },
    "prism-media": {
      "version": "0.0.1",
      "resolved": "https://registry.npmjs.org/prism-media/-/prism-media-0.0.1.tgz",
      "integrity": "sha1-o0JcnKvVDRxsAuVDlBoRiVZnvRA="
    },
    "regenerator-runtime": {
      "version": "0.10.5",
      "resolved": "https://registry.npmjs.org/regenerator-runtime/-/regenerator-runtime-0.10.5.tgz",
      "integrity": "sha1-M2w+/BIgrc7dosn6tntaeVWjNlg="
    },
    "require-all": {
      "version": "2.2.0",
      "resolved": "https://registry.npmjs.org/require-all/-/require-all-2.2.0.tgz",
      "integrity": "sha1-tEIMIzrAKC0P9Jsnf7iAqLXeCJQ="
    },
    "safe-buffer": {
      "version": "5.0.1",
      "resolved": "https://registry.npmjs.org/safe-buffer/-/safe-buffer-5.0.1.tgz",
      "integrity": "sha1-0mPKVGls2KMGtcplUekt5XkY++c="
    },
    "snekfetch": {
      "version": "3.2.3",
      "resolved": "https://registry.npmjs.org/snekfetch/-/snekfetch-3.2.3.tgz",
      "integrity": "sha512-EN7LirgPd8ewSDa28V/6kiFgspf33E2XO1C3t7cKvtkEFyAhlA8vv3dBy/pd5b3E+JinJkd5wBaw63bC9M/2kQ=="
    },
    "sorted-array-functions": {
      "version": "1.0.0",
      "resolved": "https://registry.npmjs.org/sorted-array-functions/-/sorted-array-functions-1.0.0.tgz",
      "integrity": "sha1-wLVU2ecJr/y+VtNMGyUUGX/Tgnk="
    },
    "timer.js": {
      "version": "1.0.4",
      "resolved": "https://registry.npmjs.org/timer.js/-/timer.js-1.0.4.tgz",
      "integrity": "sha1-GNctxczMQKTrOTaUsvSN4qKgKBk="
    },
    "tweetnacl": {
      "version": "0.14.5",
      "resolved": "https://registry.npmjs.org/tweetnacl/-/tweetnacl-0.14.5.tgz",
      "integrity": "sha1-WuaBd/GS1EViadEIr6k/+HQ/T2Q="
    },
    "ultron": {
      "version": "1.1.0",
      "resolved": "https://registry.npmjs.org/ultron/-/ultron-1.1.0.tgz",
      "integrity": "sha1-sHoualQagV/Go0zNRTO67DB8qGQ="
    },
    "ws": {
      "version": "2.3.1",
      "resolved": "https://registry.npmjs.org/ws/-/ws-2.3.1.tgz",
      "integrity": "sha1-a5Sz5EfLajY/eF6vlK9jWejoHIA="
    }
  }
}
